
Microsoft Visual Studio Solution File, Format Version 12.00
# Visual Studio Version 16
VisualStudioVersion = 16.0.30114.105
MinimumVisualStudioVersion = 10.0.40219.1
Project("{FAE04EC0-301F-11D3-BF4B-00C04F79EFBC}") = "Payments", "Payments\Payments.csproj", "{BDA32E0C-2599-4C18-B948-751FED73906C}"
EndProject
Global
	GlobalSection(SolutionConfigurationPlatforms) = preSolution
		Debug|Any CPU = Debug|Any CPU
		Release|Any CPU = Release|Any CPU
	EndGlobalSection
	GlobalSection(SolutionProperties) = preSolution
		HideSolutionNode = FALSE
	EndGlobalSection
	GlobalSection(ProjectConfigurationPlatforms) = postSolution
		{BDA32E0C-2599-4C18-B948-751FED73906C}.Debug|Any CPU.ActiveCfg = Debug|Any CPU
		{BDA32E0C-2599-4C18-B948-751FED73906C}.Debug|Any CPU.Build.0 = Debug|Any CPU
		{BDA32E0C-2599-4C18-B948-751FED73906C}.Release|Any CPU.ActiveCfg = Release|Any CPU
		{BDA32E0C-2599-4C18-B948-751FED73906C}.Release|Any CPU.Build.0 = Release|Any CPU
	EndGlobalSection
EndGlobal
